
Microsoft Visual Studio Solution File, Format Version 12.00
# Visual Studio Version 16
VisualStudioVersion = 16.0.30503.244
MinimumVisualStudioVersion = 10.0.40219.1
Project("{A07B5EB6-E848-4116-A8D0-A826331D98C6}") = "ServiceFabricApp.JumpStartCs", "ServiceFabricApp.JumpStartCs\ServiceFabricApp.JumpStartCs.sfproj", "{F1DBFF2E-8C70-4F54-9FAB-E5FF26E7AD9A}"
EndProject
Project("{FAE04EC0-301F-11D3-BF4B-00C04F79EFBC}") = "FirstStatelessService", "FirstStatelessService\FirstStatelessService.csproj", "{881060A6-B4BF-4590-A6FA-BF370F2D5FB0}"
EndProject
Global
	GlobalSection(SolutionConfigurationPlatforms) = preSolution
		Debug|Any CPU = Debug|Any CPU
		Debug|x64 = Debug|x64
		Release|Any CPU = Release|Any CPU
		Release|x64 = Release|x64
	EndGlobalSection
	GlobalSection(ProjectConfigurationPlatforms) = postSolution
		{F1DBFF2E-8C70-4F54-9FAB-E5FF26E7AD9A}.Debug|Any CPU.ActiveCfg = Debug|x64
		{F1DBFF2E-8C70-4F54-9FAB-E5FF26E7AD9A}.Debug|x64.ActiveCfg = Debug|x64
		{F1DBFF2E-8C70-4F54-9FAB-E5FF26E7AD9A}.Debug|x64.Build.0 = Debug|x64
		{F1DBFF2E-8C70-4F54-9FAB-E5FF26E7AD9A}.Debug|x64.Deploy.0 = Debug|x64
		{F1DBFF2E-8C70-4F54-9FAB-E5FF26E7AD9A}.Release|Any CPU.ActiveCfg = Release|x64
		{F1DBFF2E-8C70-4F54-9FAB-E5FF26E7AD9A}.Release|x64.ActiveCfg = Release|x64
		{F1DBFF2E-8C70-4F54-9FAB-E5FF26E7AD9A}.Release|x64.Build.0 = Release|x64
		{F1DBFF2E-8C70-4F54-9FAB-E5FF26E7AD9A}.Release|x64.Deploy.0 = Release|x64
		{881060A6-B4BF-4590-A6FA-BF370F2D5FB0}.Debug|Any CPU.ActiveCfg = Debug|Any CPU
		{881060A6-B4BF-4590-A6FA-BF370F2D5FB0}.Debug|Any CPU.Build.0 = Debug|Any CPU
		{881060A6-B4BF-4590-A6FA-BF370F2D5FB0}.Debug|x64.ActiveCfg = Debug|Any CPU
		{881060A6-B4BF-4590-A6FA-BF370F2D5FB0}.Debug|x64.Build.0 = Debug|Any CPU
		{881060A6-B4BF-4590-A6FA-BF370F2D5FB0}.Release|Any CPU.ActiveCfg = Release|Any CPU
		{881060A6-B4BF-4590-A6FA-BF370F2D5FB0}.Release|Any CPU.Build.0 = Release|Any CPU
		{881060A6-B4BF-4590-A6FA-BF370F2D5FB0}.Release|x64.ActiveCfg = Release|Any CPU
		{881060A6-B4BF-4590-A6FA-BF370F2D5FB0}.Release|x64.Build.0 = Release|Any CPU
	EndGlobalSection
	GlobalSection(SolutionProperties) = preSolution
		HideSolutionNode = FALSE
	EndGlobalSection
	GlobalSection(ExtensibilityGlobals) = postSolution
		SolutionGuid = {3D5C139E-260B-4E63-830C-79ED388FBC8C}
	EndGlobalSection
EndGlobal
